// !$*UTF8*$!
{
	archiveVersion = 1;
	classes = {
	};
	objectVersion = 50;
	objects = {

/* Begin PBXBuildFile section */
		3F10B0A12146880400D9787F /* DefaultLocations.json in Resources */ = {isa = PBXBuildFile; fileRef = 3F10B0A02146880400D9787F /* DefaultLocations.json */; };
		3F10B0A22146880400D9787F /* DefaultLocations.json in Resources */ = {isa = PBXBuildFile; fileRef = 3F10B0A02146880400D9787F /* DefaultLocations.json */; };
		3F1DFD1C2147B77C00E6695F /* MKMapView+Zoom.swift in Sources */ = {isa = PBXBuildFile; fileRef = 3F1DFD1B2147B77C00E6695F /* MKMapView+Zoom.swift */; };
		3F1DFD1F2147C23C00E6695F /* AllLocationsViewController.storyboard in Resources */ = {isa = PBXBuildFile; fileRef = 3F1DFD1D2147C23C00E6695F /* AllLocationsViewController.storyboard */; };
		3F1DFD212147C25C00E6695F /* AllLocationsViewController.swift in Sources */ = {isa = PBXBuildFile; fileRef = 3F1DFD202147C25C00E6695F /* AllLocationsViewController.swift */; };
		3F1DFD262147E7F500E6695F /* MagicalRecord.framework in Frameworks */ = {isa = PBXBuildFile; fileRef = 3F1DFD252147E7F500E6695F /* MagicalRecord.framework */; };
		3F1DFD292147F53200E6695F /* CustomLocationViewModel.swift in Sources */ = {isa = PBXBuildFile; fileRef = 3F1DFD282147F53200E6695F /* CustomLocationViewModel.swift */; };
		3F1DFD2B2147FDD100E6695F /* LocationTableViewCell.swift in Sources */ = {isa = PBXBuildFile; fileRef = 3F1DFD2A2147FDD100E6695F /* LocationTableViewCell.swift */; };
		3F34C03221526641009E0C8E /* UserDefaults+LaunchesCounter.swift in Sources */ = {isa = PBXBuildFile; fileRef = 3F34C03121526640009E0C8E /* UserDefaults+LaunchesCounter.swift */; };
		3F34C03521526ACA009E0C8E /* Coordinator.swift in Sources */ = {isa = PBXBuildFile; fileRef = 3F34C03421526ACA009E0C8E /* Coordinator.swift */; };
		3F34C03721526C1F009E0C8E /* ApplicationCoordinator.swift in Sources */ = {isa = PBXBuildFile; fileRef = 3F34C03621526C1F009E0C8E /* ApplicationCoordinator.swift */; };
		3F34C03B21527AC7009E0C8E /* AllLocationsCoordinator.swift in Sources */ = {isa = PBXBuildFile; fileRef = 3F34C03A21527AC7009E0C8E /* AllLocationsCoordinator.swift */; };
		3F34C03D2152966B009E0C8E /* UserLocationManager.swift in Sources */ = {isa = PBXBuildFile; fileRef = 3F34C03C2152966B009E0C8E /* UserLocationManager.swift */; };
		3F34C04121538622009E0C8E /* LocationDetailsCoordinator.swift in Sources */ = {isa = PBXBuildFile; fileRef = 3F34C04021538622009E0C8E /* LocationDetailsCoordinator.swift */; };
		3F6DB9962146603D00020D5D /* AppDelegate.swift in Sources */ = {isa = PBXBuildFile; fileRef = 3F6DB9952146603D00020D5D /* AppDelegate.swift */; };
		3F6DB9982146603D00020D5D /* HomeViewController.swift in Sources */ = {isa = PBXBuildFile; fileRef = 3F6DB9972146603D00020D5D /* HomeViewController.swift */; };
		3F6DB99B2146603D00020D5D /* HomeViewController.storyboard in Resources */ = {isa = PBXBuildFile; fileRef = 3F6DB9992146603D00020D5D /* HomeViewController.storyboard */; };
		3F6DB9A02146603F00020D5D /* Assets.xcassets in Resources */ = {isa = PBXBuildFile; fileRef = 3F6DB99F2146603F00020D5D /* Assets.xcassets */; };
		3F6DB9A32146603F00020D5D /* LaunchScreen.storyboard in Resources */ = {isa = PBXBuildFile; fileRef = 3F6DB9A12146603F00020D5D /* LaunchScreen.storyboard */; };
		3F97ED102149639700C0C85F /* VisibleLocationsManagerTests.swift in Sources */ = {isa = PBXBuildFile; fileRef = 3F97ED0F2149639700C0C85F /* VisibleLocationsManagerTests.swift */; };
		3F97ED12214964CB00C0C85F /* MKMapView+CoordinatesOfVisibleArea.swift in Sources */ = {isa = PBXBuildFile; fileRef = 3FFBEB402148172000F32856 /* MKMapView+CoordinatesOfVisibleArea.swift */; };
		3F97ED13214964EB00C0C85F /* MagicalRecord.framework in Frameworks */ = {isa = PBXBuildFile; fileRef = 3F1DFD252147E7F500E6695F /* MagicalRecord.framework */; };
		3F97ED162149761700C0C85F /* Moc.swift in Sources */ = {isa = PBXBuildFile; fileRef = 3F97ED152149761700C0C85F /* Moc.swift */; };
		3FAC1BC9214936C6007D7B59 /* MKMapView+VisibleAnnotations.swift in Sources */ = {isa = PBXBuildFile; fileRef = 3FAC1BC7214935FB007D7B59 /* MKMapView+VisibleAnnotations.swift */; };
		3FAC1BCC214942A2007D7B59 /* LocationsManager.swift in Sources */ = {isa = PBXBuildFile; fileRef = 3FAC1BCB214942A2007D7B59 /* LocationsManager.swift */; };
		3FC4D5B2214A82E800D88F17 /* PhotographyStartup.xcdatamodeld in Sources */ = {isa = PBXBuildFile; fileRef = 3F6DB99C2146603D00020D5D /* PhotographyStartup.xcdatamodeld */; };
		3FC4D5B5214A86A900D88F17 /* Array+RemoveObject.swift in Sources */ = {isa = PBXBuildFile; fileRef = 3FC4D5B3214A862500D88F17 /* Array+RemoveObject.swift */; };
		3FC4D5B7214A8AAD00D88F17 /* MKPointAnnotation+CustomLocation.swift in Sources */ = {isa = PBXBuildFile; fileRef = 3FC4D5B6214A8AAD00D88F17 /* MKPointAnnotation+CustomLocation.swift */; };
		3FC4D5B9214A8D1600D88F17 /* MKAnnotation.swift in Sources */ = {isa = PBXBuildFile; fileRef = 3FC4D5B8214A8D1600D88F17 /* MKAnnotation.swift */; };
		3FC4D5BB214AB2A100D88F17 /* CoreDataTestCase.swift in Sources */ = {isa = PBXBuildFile; fileRef = 3FC4D5BA214AB2A100D88F17 /* CoreDataTestCase.swift */; };
		3FF60F262146C4C50079DB5C /* DefaultLocation.swift in Sources */ = {isa = PBXBuildFile; fileRef = 3FF60F252146C4C50079DB5C /* DefaultLocation.swift */; };
		3FFBEB3A214807AC00F32856 /* LocationDetailsViewController.swift in Sources */ = {isa = PBXBuildFile; fileRef = 3FFBEB39214807AC00F32856 /* LocationDetailsViewController.swift */; };
		3FFBEB3D214807DF00F32856 /* LocationDetailsViewController.storyboard in Resources */ = {isa = PBXBuildFile; fileRef = 3FFBEB3C214807DF00F32856 /* LocationDetailsViewController.storyboard */; };
		3FFBEB3F214809FE00F32856 /* UIViewController+Storyboardable.swift in Sources */ = {isa = PBXBuildFile; fileRef = 3FFBEB3E214809FE00F32856 /* UIViewController+Storyboardable.swift */; };
		3FFBEB412148172000F32856 /* MKMapView+CoordinatesOfVisibleArea.swift in Sources */ = {isa = PBXBuildFile; fileRef = 3FFBEB402148172000F32856 /* MKMapView+CoordinatesOfVisibleArea.swift */; };
/* End PBXBuildFile section */

/* Begin PBXContainerItemProxy section */
		3F6DB9AA2146603F00020D5D /* PBXContainerItemProxy */ = {
			isa = PBXContainerItemProxy;
			containerPortal = 3F6DB98A2146603D00020D5D /* Project object */;
			proxyType = 1;
			remoteGlobalIDString = 3F6DB9912146603D00020D5D;
			remoteInfo = PhotographyStartup;
		};
/* End PBXContainerItemProxy section */

/* Begin PBXFileReference section */
		3F10B0A02146880400D9787F /* DefaultLocations.json */ = {isa = PBXFileReference; lastKnownFileType = text.json; path = DefaultLocations.json; sourceTree = "<group>"; };
		3F1DFD1B2147B77C00E6695F /* MKMapView+Zoom.swift */ = {isa = PBXFileReference; lastKnownFileType = sourcecode.swift; path = "MKMapView+Zoom.swift"; sourceTree = "<group>"; };
		3F1DFD1E2147C23C00E6695F /* Base */ = {isa = PBXFileReference; lastKnownFileType = file.storyboard; name = Base; path = PhotographyStartup/Base.lproj/AllLocationsViewController.storyboard; sourceTree = "<group>"; };
		3F1DFD202147C25C00E6695F /* AllLocationsViewController.swift */ = {isa = PBXFileReference; lastKnownFileType = sourcecode.swift; path = AllLocationsViewController.swift; sourceTree = "<group>"; };
		3F1DFD252147E7F500E6695F /* MagicalRecord.framework */ = {isa = PBXFileReference; lastKnownFileType = wrapper.framework; name = MagicalRecord.framework; path = Carthage/Build/iOS/MagicalRecord.framework; sourceTree = SOURCE_ROOT; };
		3F1DFD282147F53200E6695F /* CustomLocationViewModel.swift */ = {isa = PBXFileReference; lastKnownFileType = sourcecode.swift; path = CustomLocationViewModel.swift; sourceTree = "<group>"; };
		3F1DFD2A2147FDD100E6695F /* LocationTableViewCell.swift */ = {isa = PBXFileReference; lastKnownFileType = sourcecode.swift; path = LocationTableViewCell.swift; sourceTree = "<group>"; };
		3F34C03121526640009E0C8E /* UserDefaults+LaunchesCounter.swift */ = {isa = PBXFileReference; fileEncoding = 4; lastKnownFileType = sourcecode.swift; path = "UserDefaults+LaunchesCounter.swift"; sourceTree = "<group>"; };
		3F34C03421526ACA009E0C8E /* Coordinator.swift */ = {isa = PBXFileReference; lastKnownFileType = sourcecode.swift; path = Coordinator.swift; sourceTree = "<group>"; };
		3F34C03621526C1F009E0C8E /* ApplicationCoordinator.swift */ = {isa = PBXFileReference; lastKnownFileType = sourcecode.swift; path = ApplicationCoordinator.swift; sourceTree = "<group>"; };
		3F34C03A21527AC7009E0C8E /* AllLocationsCoordinator.swift */ = {isa = PBXFileReference; lastKnownFileType = sourcecode.swift; path = AllLocationsCoordinator.swift; sourceTree = "<group>"; };
		3F34C03C2152966B009E0C8E /* UserLocationManager.swift */ = {isa = PBXFileReference; lastKnownFileType = sourcecode.swift; path = UserLocationManager.swift; sourceTree = "<group>"; };
		3F34C04021538622009E0C8E /* LocationDetailsCoordinator.swift */ = {isa = PBXFileReference; lastKnownFileType = sourcecode.swift; path = LocationDetailsCoordinator.swift; sourceTree = "<group>"; };
		3F6DB9922146603D00020D5D /* PhotographyStartup.app */ = {isa = PBXFileReference; explicitFileType = wrapper.application; includeInIndex = 0; path = PhotographyStartup.app; sourceTree = BUILT_PRODUCTS_DIR; };
		3F6DB9952146603D00020D5D /* AppDelegate.swift */ = {isa = PBXFileReference; lastKnownFileType = sourcecode.swift; path = AppDelegate.swift; sourceTree = "<group>"; };
		3F6DB9972146603D00020D5D /* HomeViewController.swift */ = {isa = PBXFileReference; lastKnownFileType = sourcecode.swift; path = HomeViewController.swift; sourceTree = "<group>"; };
		3F6DB99A2146603D00020D5D /* Base */ = {isa = PBXFileReference; lastKnownFileType = file.storyboard; name = Base; path = Base.lproj/HomeViewController.storyboard; sourceTree = "<group>"; };
		3F6DB99D2146603D00020D5D /* PhotographyStartup.xcdatamodel */ = {isa = PBXFileReference; lastKnownFileType = wrapper.xcdatamodel; path = PhotographyStartup.xcdatamodel; sourceTree = "<group>"; };
		3F6DB99F2146603F00020D5D /* Assets.xcassets */ = {isa = PBXFileReference; lastKnownFileType = folder.assetcatalog; path = Assets.xcassets; sourceTree = "<group>"; };
		3F6DB9A22146603F00020D5D /* Base */ = {isa = PBXFileReference; lastKnownFileType = file.storyboard; name = Base; path = Base.lproj/LaunchScreen.storyboard; sourceTree = "<group>"; };
		3F6DB9A42146603F00020D5D /* Info.plist */ = {isa = PBXFileReference; lastKnownFileType = text.plist.xml; path = Info.plist; sourceTree = "<group>"; };
		3F6DB9A92146603F00020D5D /* PhotographyStartupTests.xctest */ = {isa = PBXFileReference; explicitFileType = wrapper.cfbundle; includeInIndex = 0; path = PhotographyStartupTests.xctest; sourceTree = BUILT_PRODUCTS_DIR; };
		3F6DB9AF2146603F00020D5D /* Info.plist */ = {isa = PBXFileReference; lastKnownFileType = text.plist.xml; path = Info.plist; sourceTree = "<group>"; };
		3F97ED0F2149639700C0C85F /* VisibleLocationsManagerTests.swift */ = {isa = PBXFileReference; lastKnownFileType = sourcecode.swift; path = VisibleLocationsManagerTests.swift; sourceTree = "<group>"; };
		3F97ED152149761700C0C85F /* Moc.swift */ = {isa = PBXFileReference; lastKnownFileType = sourcecode.swift; path = Moc.swift; sourceTree = "<group>"; };
		3FAC1BC7214935FB007D7B59 /* MKMapView+VisibleAnnotations.swift */ = {isa = PBXFileReference; lastKnownFileType = sourcecode.swift; path = "MKMapView+VisibleAnnotations.swift"; sourceTree = "<group>"; };
		3FAC1BCB214942A2007D7B59 /* LocationsManager.swift */ = {isa = PBXFileReference; lastKnownFileType = sourcecode.swift; path = LocationsManager.swift; sourceTree = "<group>"; };
		3FC4D5B3214A862500D88F17 /* Array+RemoveObject.swift */ = {isa = PBXFileReference; lastKnownFileType = sourcecode.swift; path = "Array+RemoveObject.swift"; sourceTree = "<group>"; };
		3FC4D5B6214A8AAD00D88F17 /* MKPointAnnotation+CustomLocation.swift */ = {isa = PBXFileReference; lastKnownFileType = sourcecode.swift; path = "MKPointAnnotation+CustomLocation.swift"; sourceTree = "<group>"; };
		3FC4D5B8214A8D1600D88F17 /* MKAnnotation.swift */ = {isa = PBXFileReference; lastKnownFileType = sourcecode.swift; path = MKAnnotation.swift; sourceTree = "<group>"; };
		3FC4D5BA214AB2A100D88F17 /* CoreDataTestCase.swift */ = {isa = PBXFileReference; lastKnownFileType = sourcecode.swift; path = CoreDataTestCase.swift; sourceTree = "<group>"; };
		3FF60F252146C4C50079DB5C /* DefaultLocation.swift */ = {isa = PBXFileReference; lastKnownFileType = sourcecode.swift; path = DefaultLocation.swift; sourceTree = "<group>"; };
		3FFBEB39214807AC00F32856 /* LocationDetailsViewController.swift */ = {isa = PBXFileReference; lastKnownFileType = sourcecode.swift; path = LocationDetailsViewController.swift; sourceTree = "<group>"; };
		3FFBEB3C214807DF00F32856 /* LocationDetailsViewController.storyboard */ = {isa = PBXFileReference; lastKnownFileType = file.storyboard; path = LocationDetailsViewController.storyboard; sourceTree = "<group>"; };
		3FFBEB3E214809FE00F32856 /* UIViewController+Storyboardable.swift */ = {isa = PBXFileReference; lastKnownFileType = sourcecode.swift; path = "UIViewController+Storyboardable.swift"; sourceTree = "<group>"; };
		3FFBEB402148172000F32856 /* MKMapView+CoordinatesOfVisibleArea.swift */ = {isa = PBXFileReference; lastKnownFileType = sourcecode.swift; path = "MKMapView+CoordinatesOfVisibleArea.swift"; sourceTree = "<group>"; };
/* End PBXFileReference section */

/* Begin PBXFrameworksBuildPhase section */
		3F6DB98F2146603D00020D5D /* Frameworks */ = {
			isa = PBXFrameworksBuildPhase;
			buildActionMask = 2147483647;
			files = (
				3F1DFD262147E7F500E6695F /* MagicalRecord.framework in Frameworks */,
			);
			runOnlyForDeploymentPostprocessing = 0;
		};
		3F6DB9A62146603F00020D5D /* Frameworks */ = {
			isa = PBXFrameworksBuildPhase;
			buildActionMask = 2147483647;
			files = (
				3F97ED13214964EB00C0C85F /* MagicalRecord.framework in Frameworks */,
			);
			runOnlyForDeploymentPostprocessing = 0;
		};
/* End PBXFrameworksBuildPhase section */

/* Begin PBXGroup section */
		3F1DFD222147C26400E6695F /* Frameworks */ = {
			isa = PBXGroup;
			children = (
				3F1DFD252147E7F500E6695F /* MagicalRecord.framework */,
			);
			path = Frameworks;
			sourceTree = "<group>";
		};
		3F1DFD232147C27100E6695F /* Helpers */ = {
			isa = PBXGroup;
			children = (
				3F1DFD1B2147B77C00E6695F /* MKMapView+Zoom.swift */,
				3FFBEB402148172000F32856 /* MKMapView+CoordinatesOfVisibleArea.swift */,
				3FAC1BC7214935FB007D7B59 /* MKMapView+VisibleAnnotations.swift */,
				3F34C03121526640009E0C8E /* UserDefaults+LaunchesCounter.swift */,
				3FFBEB3E214809FE00F32856 /* UIViewController+Storyboardable.swift */,
				3FC4D5B3214A862500D88F17 /* Array+RemoveObject.swift */,
				3FC4D5B6214A8AAD00D88F17 /* MKPointAnnotation+CustomLocation.swift */,
				3FC4D5B8214A8D1600D88F17 /* MKAnnotation.swift */,
			);
			path = Helpers;
			sourceTree = "<group>";
		};
		3F1DFD272147F51800E6695F /* AllLocationsViewController */ = {
			isa = PBXGroup;
			children = (
				3F34C03A21527AC7009E0C8E /* AllLocationsCoordinator.swift */,
				3F1DFD202147C25C00E6695F /* AllLocationsViewController.swift */,
				3F1DFD1D2147C23C00E6695F /* AllLocationsViewController.storyboard */,
				3F1DFD282147F53200E6695F /* CustomLocationViewModel.swift */,
				3F1DFD2A2147FDD100E6695F /* LocationTableViewCell.swift */,
			);
			path = AllLocationsViewController;
			sourceTree = "<group>";
		};
		3F34C033215269CF009E0C8E /* MVVM+FlowCoordinator */ = {
			isa = PBXGroup;
			children = (
				3F6DB9952146603D00020D5D /* AppDelegate.swift */,
				3F34C03421526ACA009E0C8E /* Coordinator.swift */,
				3F34C03621526C1F009E0C8E /* ApplicationCoordinator.swift */,
				3FAC1BCB214942A2007D7B59 /* LocationsManager.swift */,
				3F34C03C2152966B009E0C8E /* UserLocationManager.swift */,
				3FAC1BCA2149424C007D7B59 /* HomeViewController */,
				3F1DFD272147F51800E6695F /* AllLocationsViewController */,
			);
			path = "MVVM+FlowCoordinator";
			sourceTree = "<group>";
		};
		3F6DB9892146603D00020D5D = {
			isa = PBXGroup;
			children = (
				3F1DFD222147C26400E6695F /* Frameworks */,
				3F1DFD232147C27100E6695F /* Helpers */,
				3F6DB9942146603D00020D5D /* PhotographyStartup */,
				3F6DB9AC2146603F00020D5D /* PhotographyStartupTests */,
				3F6DB9932146603D00020D5D /* Products */,
			);
			sourceTree = "<group>";
		};
		3F6DB9932146603D00020D5D /* Products */ = {
			isa = PBXGroup;
			children = (
				3F6DB9922146603D00020D5D /* PhotographyStartup.app */,
				3F6DB9A92146603F00020D5D /* PhotographyStartupTests.xctest */,
			);
			name = Products;
			sourceTree = "<group>";
		};
		3F6DB9942146603D00020D5D /* PhotographyStartup */ = {
			isa = PBXGroup;
			children = (
				3F34C033215269CF009E0C8E /* MVVM+FlowCoordinator */,
				3FFBEB3B214807B300F32856 /* LocationDetailsViewController */,
				3F6DB99F2146603F00020D5D /* Assets.xcassets */,
				3F6DB9A12146603F00020D5D /* LaunchScreen.storyboard */,
				3F6DB9A42146603F00020D5D /* Info.plist */,
				3F6DB99C2146603D00020D5D /* PhotographyStartup.xcdatamodeld */,
				3F10B0A02146880400D9787F /* DefaultLocations.json */,
			);
			path = PhotographyStartup;
			sourceTree = "<group>";
		};
		3F6DB9AC2146603F00020D5D /* PhotographyStartupTests */ = {
			isa = PBXGroup;
			children = (
				3F97ED14214975FD00C0C85F /* Mocs */,
				3F97ED0F2149639700C0C85F /* VisibleLocationsManagerTests.swift */,
				3FC4D5BA214AB2A100D88F17 /* CoreDataTestCase.swift */,
				3F6DB9AF2146603F00020D5D /* Info.plist */,
			);
			path = PhotographyStartupTests;
			sourceTree = "<group>";
		};
		3F97ED14214975FD00C0C85F /* Mocs */ = {
			isa = PBXGroup;
			children = (
				3F97ED152149761700C0C85F /* Moc.swift */,
			);
			path = Mocs;
			sourceTree = "<group>";
		};
		3FAC1BCA2149424C007D7B59 /* HomeViewController */ = {
			isa = PBXGroup;
			children = (
				3F6DB9972146603D00020D5D /* HomeViewController.swift */,
				3FF60F252146C4C50079DB5C /* DefaultLocation.swift */,
				3F6DB9992146603D00020D5D /* HomeViewController.storyboard */,
			);
			path = HomeViewController;
			sourceTree = "<group>";
		};
		3FFBEB3B214807B300F32856 /* LocationDetailsViewController */ = {
			isa = PBXGroup;
			children = (
				3F34C04021538622009E0C8E /* LocationDetailsCoordinator.swift */,
				3FFBEB39214807AC00F32856 /* LocationDetailsViewController.swift */,
				3FFBEB3C214807DF00F32856 /* LocationDetailsViewController.storyboard */,
			);
			path = LocationDetailsViewController;
			sourceTree = "<group>";
		};
/* End PBXGroup section */

/* Begin PBXNativeTarget section */
		3F6DB9912146603D00020D5D /* PhotographyStartup */ = {
			isa = PBXNativeTarget;
			buildConfigurationList = 3F6DB9B22146603F00020D5D /* Build configuration list for PBXNativeTarget "PhotographyStartup" */;
			buildPhases = (
				3F6DB98E2146603D00020D5D /* Sources */,
				3F6DB98F2146603D00020D5D /* Frameworks */,
				3F6DB9902146603D00020D5D /* Resources */,
				3F10B0A521468CC300D9787F /* ShellScript */,
			);
			buildRules = (
			);
			dependencies = (
			);
			name = PhotographyStartup;
			productName = PhotographyStartup;
			productReference = 3F6DB9922146603D00020D5D /* PhotographyStartup.app */;
			productType = "com.apple.product-type.application";
		};
		3F6DB9A82146603F00020D5D /* PhotographyStartupTests */ = {
			isa = PBXNativeTarget;
			buildConfigurationList = 3F6DB9B52146603F00020D5D /* Build configuration list for PBXNativeTarget "PhotographyStartupTests" */;
			buildPhases = (
				3F6DB9A52146603F00020D5D /* Sources */,
				3F6DB9A62146603F00020D5D /* Frameworks */,
				3F6DB9A72146603F00020D5D /* Resources */,
			);
			buildRules = (
			);
			dependencies = (
				3F6DB9AB2146603F00020D5D /* PBXTargetDependency */,
			);
			name = PhotographyStartupTests;
			productName = PhotographyStartupTests;
			productReference = 3F6DB9A92146603F00020D5D /* PhotographyStartupTests.xctest */;
			productType = "com.apple.product-type.bundle.unit-test";
		};
/* End PBXNativeTarget section */

/* Begin PBXProject section */
		3F6DB98A2146603D00020D5D /* Project object */ = {
			isa = PBXProject;
			attributes = {
				LastSwiftUpdateCheck = 0940;
				LastUpgradeCheck = 0940;
				ORGANIZATIONNAME = "Dmitry Lemaykin";
				TargetAttributes = {
					3F6DB9912146603D00020D5D = {
						CreatedOnToolsVersion = 9.4.1;
					};
					3F6DB9A82146603F00020D5D = {
						CreatedOnToolsVersion = 9.4.1;
						TestTargetID = 3F6DB9912146603D00020D5D;
					};
				};
			};
			buildConfigurationList = 3F6DB98D2146603D00020D5D /* Build configuration list for PBXProject "PhotographyStartup" */;
			compatibilityVersion = "Xcode 9.3";
			developmentRegion = en;
			hasScannedForEncodings = 0;
			knownRegions = (
				en,
				Base,
			);
			mainGroup = 3F6DB9892146603D00020D5D;
			productRefGroup = 3F6DB9932146603D00020D5D /* Products */;
			projectDirPath = "";
			projectRoot = "";
			targets = (
				3F6DB9912146603D00020D5D /* PhotographyStartup */,
				3F6DB9A82146603F00020D5D /* PhotographyStartupTests */,
			);
		};
/* End PBXProject section */

/* Begin PBXResourcesBuildPhase section */
		3F6DB9902146603D00020D5D /* Resources */ = {
			isa = PBXResourcesBuildPhase;
			buildActionMask = 2147483647;
			files = (
				3F6DB9A32146603F00020D5D /* LaunchScreen.storyboard in Resources */,
				3F1DFD1F2147C23C00E6695F /* AllLocationsViewController.storyboard in Resources */,
				3F6DB9A02146603F00020D5D /* Assets.xcassets in Resources */,
				3FFBEB3D214807DF00F32856 /* LocationDetailsViewController.storyboard in Resources */,
				3F10B0A12146880400D9787F /* DefaultLocations.json in Resources */,
				3F6DB99B2146603D00020D5D /* HomeViewController.storyboard in Resources */,
			);
			runOnlyForDeploymentPostprocessing = 0;
		};
		3F6DB9A72146603F00020D5D /* Resources */ = {
			isa = PBXResourcesBuildPhase;
			buildActionMask = 2147483647;
			files = (
				3F10B0A22146880400D9787F /* DefaultLocations.json in Resources */,
			);
			runOnlyForDeploymentPostprocessing = 0;
		};
/* End PBXResourcesBuildPhase section */

/* Begin PBXShellScriptBuildPhase section */
		3F10B0A521468CC300D9787F /* ShellScript */ = {
			isa = PBXShellScriptBuildPhase;
			buildActionMask = 2147483647;
			files = (
			);
			inputPaths = (
				"$(SRCROOT)/Carthage/Build/iOS/MagicalRecord.framework",
			);
			outputPaths = (
				"$(BUILT_PRODUCTS_DIR)/$(FRAMEWORKS_FOLDER_PATH)/MagicalRecord.framework",
			);
			runOnlyForDeploymentPostprocessing = 0;
			shellPath = /bin/sh;
			shellScript = "/usr/local/bin/carthage copy-frameworks";
		};
/* End PBXShellScriptBuildPhase section */

/* Begin PBXSourcesBuildPhase section */
		3F6DB98E2146603D00020D5D /* Sources */ = {
			isa = PBXSourcesBuildPhase;
			buildActionMask = 2147483647;
			files = (
				3F1DFD1C2147B77C00E6695F /* MKMapView+Zoom.swift in Sources */,
				3FFBEB412148172000F32856 /* MKMapView+CoordinatesOfVisibleArea.swift in Sources */,
				3FC4D5B2214A82E800D88F17 /* PhotographyStartup.xcdatamodeld in Sources */,
				3FAC1BCC214942A2007D7B59 /* LocationsManager.swift in Sources */,
				3FFBEB3A214807AC00F32856 /* LocationDetailsViewController.swift in Sources */,
				3F1DFD212147C25C00E6695F /* AllLocationsViewController.swift in Sources */,
				3F6DB9982146603D00020D5D /* HomeViewController.swift in Sources */,
				3F1DFD292147F53200E6695F /* CustomLocationViewModel.swift in Sources */,
				3F34C04121538622009E0C8E /* LocationDetailsCoordinator.swift in Sources */,
				3F34C03521526ACA009E0C8E /* Coordinator.swift in Sources */,
				3F1DFD2B2147FDD100E6695F /* LocationTableViewCell.swift in Sources */,
				3F34C03221526641009E0C8E /* UserDefaults+LaunchesCounter.swift in Sources */,
				3FFBEB3F214809FE00F32856 /* UIViewController+Storyboardable.swift in Sources */,
				3FC4D5B9214A8D1600D88F17 /* MKAnnotation.swift in Sources */,
				3FC4D5B5214A86A900D88F17 /* Array+RemoveObject.swift in Sources */,
				3F6DB9962146603D00020D5D /* AppDelegate.swift in Sources */,
				3F34C03721526C1F009E0C8E /* ApplicationCoordinator.swift in Sources */,
				3F34C03D2152966B009E0C8E /* UserLocationManager.swift in Sources */,
				3F34C03B21527AC7009E0C8E /* AllLocationsCoordinator.swift in Sources */,
				3FF60F262146C4C50079DB5C /* DefaultLocation.swift in Sources */,
				3FAC1BC9214936C6007D7B59 /* MKMapView+VisibleAnnotations.swift in Sources */,
				3FC4D5B7214A8AAD00D88F17 /* MKPointAnnotation+CustomLocation.swift in Sources */,
			);
			runOnlyForDeploymentPostprocessing = 0;
		};
		3F6DB9A52146603F00020D5D /* Sources */ = {
			isa = PBXSourcesBuildPhase;
			buildActionMask = 2147483647;
			files = (
				3F97ED12214964CB00C0C85F /* MKMapView+CoordinatesOfVisibleArea.swift in Sources */,
				3F97ED162149761700C0C85F /* Moc.swift in Sources */,
				3FC4D5BB214AB2A100D88F17 /* CoreDataTestCase.swift in Sources */,
				3F97ED102149639700C0C85F /* VisibleLocationsManagerTests.swift in Sources */,
			);
			runOnlyForDeploymentPostprocessing = 0;
		};
/* End PBXSourcesBuildPhase section */

/* Begin PBXTargetDependency section */
		3F6DB9AB2146603F00020D5D /* PBXTargetDependency */ = {
			isa = PBXTargetDependency;
			target = 3F6DB9912146603D00020D5D /* PhotographyStartup */;
			targetProxy = 3F6DB9AA2146603F00020D5D /* PBXContainerItemProxy */;
		};
/* End PBXTargetDependency section */

/* Begin PBXVariantGroup section */
		3F1DFD1D2147C23C00E6695F /* AllLocationsViewController.storyboard */ = {
			isa = PBXVariantGroup;
			children = (
				3F1DFD1E2147C23C00E6695F /* Base */,
			);
			name = AllLocationsViewController.storyboard;
			sourceTree = "<group>";
		};
		3F6DB9992146603D00020D5D /* HomeViewController.storyboard */ = {
			isa = PBXVariantGroup;
			children = (
				3F6DB99A2146603D00020D5D /* Base */,
			);
			name = HomeViewController.storyboard;
			sourceTree = "<group>";
		};
		3F6DB9A12146603F00020D5D /* LaunchScreen.storyboard */ = {
			isa = PBXVariantGroup;
			children = (
				3F6DB9A22146603F00020D5D /* Base */,
			);
			name = LaunchScreen.storyboard;
			sourceTree = "<group>";
		};
/* End PBXVariantGroup section */

/* Begin XCBuildConfiguration section */
		3F6DB9B02146603F00020D5D /* Debug */ = {
			isa = XCBuildConfiguration;
			buildSettings = {
				ALWAYS_SEARCH_USER_PATHS = NO;
				CLANG_ANALYZER_NONNULL = YES;
				CLANG_ANALYZER_NUMBER_OBJECT_CONVERSION = YES_AGGRESSIVE;
				CLANG_CXX_LANGUAGE_STANDARD = "gnu++14";
				CLANG_CXX_LIBRARY = "libc++";
				CLANG_ENABLE_MODULES = YES;
				CLANG_ENABLE_OBJC_ARC = YES;
				CLANG_ENABLE_OBJC_WEAK = YES;
				CLANG_WARN_BLOCK_CAPTURE_AUTORELEASING = YES;
				CLANG_WARN_BOOL_CONVERSION = YES;
				CLANG_WARN_COMMA = YES;
				CLANG_WARN_CONSTANT_CONVERSION = YES;
				CLANG_WARN_DEPRECATED_OBJC_IMPLEMENTATIONS = YES;
				CLANG_WARN_DIRECT_OBJC_ISA_USAGE = YES_ERROR;
				CLANG_WARN_DOCUMENTATION_COMMENTS = YES;
				CLANG_WARN_EMPTY_BODY = YES;
				CLANG_WARN_ENUM_CONVERSION = YES;
				CLANG_WARN_INFINITE_RECURSION = YES;
				CLANG_WARN_INT_CONVERSION = YES;
				CLANG_WARN_NON_LITERAL_NULL_CONVERSION = YES;
				CLANG_WARN_OBJC_IMPLICIT_RETAIN_SELF = YES;
				CLANG_WARN_OBJC_LITERAL_CONVERSION = YES;
				CLANG_WARN_OBJC_ROOT_CLASS = YES_ERROR;
				CLANG_WARN_RANGE_LOOP_ANALYSIS = YES;
				CLANG_WARN_STRICT_PROTOTYPES = YES;
				CLANG_WARN_SUSPICIOUS_MOVE = YES;
				CLANG_WARN_UNGUARDED_AVAILABILITY = YES_AGGRESSIVE;
				CLANG_WARN_UNREACHABLE_CODE = YES;
				CLANG_WARN__DUPLICATE_METHOD_MATCH = YES;
				CODE_SIGN_IDENTITY = "iPhone Developer";
				COPY_PHASE_STRIP = NO;
				DEBUG_INFORMATION_FORMAT = dwarf;
				ENABLE_STRICT_OBJC_MSGSEND = YES;
				ENABLE_TESTABILITY = YES;
				GCC_C_LANGUAGE_STANDARD = gnu11;
				GCC_DYNAMIC_NO_PIC = NO;
				GCC_NO_COMMON_BLOCKS = YES;
				GCC_OPTIMIZATION_LEVEL = 0;
				GCC_PREPROCESSOR_DEFINITIONS = (
					"DEBUG=1",
					"$(inherited)",
				);
				GCC_WARN_64_TO_32_BIT_CONVERSION = YES;
				GCC_WARN_ABOUT_RETURN_TYPE = YES_ERROR;
				GCC_WARN_UNDECLARED_SELECTOR = YES;
				GCC_WARN_UNINITIALIZED_AUTOS = YES_AGGRESSIVE;
				GCC_WARN_UNUSED_FUNCTION = YES;
				GCC_WARN_UNUSED_VARIABLE = YES;
				IPHONEOS_DEPLOYMENT_TARGET = 11.4;
				MTL_ENABLE_DEBUG_INFO = YES;
				ONLY_ACTIVE_ARCH = YES;
				SDKROOT = iphoneos;
				SWIFT_ACTIVE_COMPILATION_CONDITIONS = DEBUG;
				SWIFT_OPTIMIZATION_LEVEL = "-Onone";
			};
			name = Debug;
		};
		3F6DB9B12146603F00020D5D /* Release */ = {
			isa = XCBuildConfiguration;
			buildSettings = {
				ALWAYS_SEARCH_USER_PATHS = NO;
				CLANG_ANALYZER_NONNULL = YES;
				CLANG_ANALYZER_NUMBER_OBJECT_CONVERSION = YES_AGGRESSIVE;
				CLANG_CXX_LANGUAGE_STANDARD = "gnu++14";
				CLANG_CXX_LIBRARY = "libc++";
				CLANG_ENABLE_MODULES = YES;
				CLANG_ENABLE_OBJC_ARC = YES;
				CLANG_ENABLE_OBJC_WEAK = YES;
				CLANG_WARN_BLOCK_CAPTURE_AUTORELEASING = YES;
				CLANG_WARN_BOOL_CONVERSION = YES;
				CLANG_WARN_COMMA = YES;
				CLANG_WARN_CONSTANT_CONVERSION = YES;
				CLANG_WARN_DEPRECATED_OBJC_IMPLEMENTATIONS = YES;
				CLANG_WARN_DIRECT_OBJC_ISA_USAGE = YES_ERROR;
				CLANG_WARN_DOCUMENTATION_COMMENTS = YES;
				CLANG_WARN_EMPTY_BODY = YES;
				CLANG_WARN_ENUM_CONVERSION = YES;
				CLANG_WARN_INFINITE_RECURSION = YES;
				CLANG_WARN_INT_CONVERSION = YES;
				CLANG_WARN_NON_LITERAL_NULL_CONVERSION = YES;
				CLANG_WARN_OBJC_IMPLICIT_RETAIN_SELF = YES;
				CLANG_WARN_OBJC_LITERAL_CONVERSION = YES;
				CLANG_WARN_OBJC_ROOT_CLASS = YES_ERROR;
				CLANG_WARN_RANGE_LOOP_ANALYSIS = YES;
				CLANG_WARN_STRICT_PROTOTYPES = YES;
				CLANG_WARN_SUSPICIOUS_MOVE = YES;
				CLANG_WARN_UNGUARDED_AVAILABILITY = YES_AGGRESSIVE;
				CLANG_WARN_UNREACHABLE_CODE = YES;
				CLANG_WARN__DUPLICATE_METHOD_MATCH = YES;
				CODE_SIGN_IDENTITY = "iPhone Developer";
				COPY_PHASE_STRIP = NO;
				DEBUG_INFORMATION_FORMAT = "dwarf-with-dsym";
				ENABLE_NS_ASSERTIONS = NO;
				ENABLE_STRICT_OBJC_MSGSEND = YES;
				GCC_C_LANGUAGE_STANDARD = gnu11;
				GCC_NO_COMMON_BLOCKS = YES;
				GCC_WARN_64_TO_32_BIT_CONVERSION = YES;
				GCC_WARN_ABOUT_RETURN_TYPE = YES_ERROR;
				GCC_WARN_UNDECLARED_SELECTOR = YES;
				GCC_WARN_UNINITIALIZED_AUTOS = YES_AGGRESSIVE;
				GCC_WARN_UNUSED_FUNCTION = YES;
				GCC_WARN_UNUSED_VARIABLE = YES;
				IPHONEOS_DEPLOYMENT_TARGET = 11.4;
				MTL_ENABLE_DEBUG_INFO = NO;
				SDKROOT = iphoneos;
				SWIFT_COMPILATION_MODE = wholemodule;
				SWIFT_OPTIMIZATION_LEVEL = "-O";
				VALIDATE_PRODUCT = YES;
			};
			name = Release;
		};
		3F6DB9B32146603F00020D5D /* Debug */ = {
			isa = XCBuildConfiguration;
			buildSettings = {
				ASSETCATALOG_COMPILER_APPICON_NAME = AppIcon;
				CODE_SIGN_STYLE = Automatic;
				DEVELOPMENT_TEAM = P92LPP92P6;
				FRAMEWORK_SEARCH_PATHS = (
					"$(inherited)",
					"$(PROJECT_DIR)/Carthage/Build/iOS",
					"$(PROJECT_DIR)/Frameworks",
				);
				INFOPLIST_FILE = PhotographyStartup/Info.plist;
				LD_RUNPATH_SEARCH_PATHS = (
					"$(inherited)",
					"@executable_path/Frameworks",
				);
				PRODUCT_BUNDLE_IDENTIFIER = EPAM.PhotographyStartup;
				PRODUCT_NAME = "$(TARGET_NAME)";
				SWIFT_VERSION = 4.0;
				TARGETED_DEVICE_FAMILY = "1,2";
			};
			name = Debug;
		};
		3F6DB9B42146603F00020D5D /* Release */ = {
			isa = XCBuildConfiguration;
			buildSettings = {
				ASSETCATALOG_COMPILER_APPICON_NAME = AppIcon;
				CODE_SIGN_STYLE = Automatic;
				DEVELOPMENT_TEAM = P92LPP92P6;
				FRAMEWORK_SEARCH_PATHS = (
					"$(inherited)",
					"$(PROJECT_DIR)/Carthage/Build/iOS",
					"$(PROJECT_DIR)/Frameworks",
				);
				INFOPLIST_FILE = PhotographyStartup/Info.plist;
				LD_RUNPATH_SEARCH_PATHS = (
					"$(inherited)",
					"@executable_path/Frameworks",
				);
				PRODUCT_BUNDLE_IDENTIFIER = EPAM.PhotographyStartup;
				PRODUCT_NAME = "$(TARGET_NAME)";
				SWIFT_VERSION = 4.0;
				TARGETED_DEVICE_FAMILY = "1,2";
			};
			name = Release;
		};
		3F6DB9B62146603F00020D5D /* Debug */ = {
			isa = XCBuildConfiguration;
			buildSettings = {
				ALWAYS_EMBED_SWIFT_STANDARD_LIBRARIES = YES;
				BUNDLE_LOADER = "$(TEST_HOST)";
				CODE_SIGN_STYLE = Automatic;
				DEVELOPMENT_TEAM = P92LPP92P6;
				FRAMEWORK_SEARCH_PATHS = (
					"$(inherited)",
					"$(PROJECT_DIR)/Carthage/Build/iOS",
				);
				INFOPLIST_FILE = PhotographyStartupTests/Info.plist;
				LD_RUNPATH_SEARCH_PATHS = (
					"$(inherited)",
					"@executable_path/Frameworks",
					"@loader_path/Frameworks",
				);
				PRODUCT_BUNDLE_IDENTIFIER = EPAM.PhotographyStartupTests;
				PRODUCT_NAME = "$(TARGET_NAME)";
				SWIFT_VERSION = 4.0;
				TARGETED_DEVICE_FAMILY = "1,2";
				TEST_HOST = "$(BUILT_PRODUCTS_DIR)/PhotographyStartup.app/PhotographyStartup";
			};
			name = Debug;
		};
		3F6DB9B72146603F00020D5D /* Release */ = {
			isa = XCBuildConfiguration;
			buildSettings = {
				ALWAYS_EMBED_SWIFT_STANDARD_LIBRARIES = YES;
				BUNDLE_LOADER = "$(TEST_HOST)";
				CODE_SIGN_STYLE = Automatic;
				DEVELOPMENT_TEAM = P92LPP92P6;
				FRAMEWORK_SEARCH_PATHS = (
					"$(inherited)",
					"$(PROJECT_DIR)/Carthage/Build/iOS",
				);
				INFOPLIST_FILE = PhotographyStartupTests/Info.plist;
				LD_RUNPATH_SEARCH_PATHS = (
					"$(inherited)",
					"@executable_path/Frameworks",
					"@loader_path/Frameworks",
				);
				PRODUCT_BUNDLE_IDENTIFIER = EPAM.PhotographyStartupTests;
				PRODUCT_NAME = "$(TARGET_NAME)";
				SWIFT_VERSION = 4.0;
				TARGETED_DEVICE_FAMILY = "1,2";
				TEST_HOST = "$(BUILT_PRODUCTS_DIR)/PhotographyStartup.app/PhotographyStartup";
			};
			name = Release;
		};
/* End XCBuildConfiguration section */

/* Begin XCConfigurationList section */
		3F6DB98D2146603D00020D5D /* Build configuration list for PBXProject "PhotographyStartup" */ = {
			isa = XCConfigurationList;
			buildConfigurations = (
				3F6DB9B02146603F00020D5D /* Debug */,
				3F6DB9B12146603F00020D5D /* Release */,
			);
			defaultConfigurationIsVisible = 0;
			defaultConfigurationName = Release;
		};
		3F6DB9B22146603F00020D5D /* Build configuration list for PBXNativeTarget "PhotographyStartup" */ = {
			isa = XCConfigurationList;
			buildConfigurations = (
				3F6DB9B32146603F00020D5D /* Debug */,
				3F6DB9B42146603F00020D5D /* Release */,
			);
			defaultConfigurationIsVisible = 0;
			defaultConfigurationName = Release;
		};
		3F6DB9B52146603F00020D5D /* Build configuration list for PBXNativeTarget "PhotographyStartupTests" */ = {
			isa = XCConfigurationList;
			buildConfigurations = (
				3F6DB9B62146603F00020D5D /* Debug */,
				3F6DB9B72146603F00020D5D /* Release */,
			);
			defaultConfigurationIsVisible = 0;
			defaultConfigurationName = Release;
		};
/* End XCConfigurationList section */

/* Begin XCVersionGroup section */
		3F6DB99C2146603D00020D5D /* PhotographyStartup.xcdatamodeld */ = {
			isa = XCVersionGroup;
			children = (
				3F6DB99D2146603D00020D5D /* PhotographyStartup.xcdatamodel */,
			);
			currentVersion = 3F6DB99D2146603D00020D5D /* PhotographyStartup.xcdatamodel */;
			path = PhotographyStartup.xcdatamodeld;
			sourceTree = "<group>";
			versionGroupType = wrapper.xcdatamodel;
		};
/* End XCVersionGroup section */
	};
	rootObject = 3F6DB98A2146603D00020D5D /* Project object */;
}
